PODS:
  - Amplify (1.10.0):
    - Amplify/Default (= 1.10.0)
  - Amplify/Default (1.10.0)
  - Amplify/Tools (1.10.0)
  - AmplifyPlugins/AWSAPIPlugin (1.10.0):
    - AppSyncRealTimeClient (~> 1.4)
    - AWSCore (~> 2.24.0)
    - AWSPluginsCore (= 1.10.0)
  - AmplifyPlugins/AWSCognitoAuthPlugin (1.10.0):
    - AWSAuthCore (~> 2.24.0)
    - AWSCognitoIdentityProvider (~> 2.24.0)
    - AWSCognitoIdentityProviderASF (~> 2.24.0)
    - AWSCore (~> 2.24.0)
    - AWSMobileClient (~> 2.24.0)
    - AWSPluginsCore (= 1.10.0)
  - AmplifyPlugins/AWSS3StoragePlugin (1.10.0):
    - AWSCore (~> 2.24.0)
    - AWSPluginsCore (= 1.10.0)
    - AWSS3 (~> 2.24.0)
  - AppSyncRealTimeClient (1.5.0):
    - Starscream (~> 3.1.1)
  - AWSAuthCore (2.24.2):
    - AWSCore (= 2.24.2)
  - AWSCognitoIdentityProvider (2.24.2):
    - AWSCognitoIdentityProviderASF (= 2.24.2)
    - AWSCore (= 2.24.2)
  - AWSCognitoIdentityProviderASF (2.24.2)
  - AWSCore (2.24.2)
  - AWSMobileClient (2.24.2):
    - AWSAuthCore (= 2.24.2)
    - AWSCognitoIdentityProvider (= 2.24.2)
    - AWSCognitoIdentityProviderASF (= 2.24.2)
    - AWSCore (= 2.24.2)
  - AWSPluginsCore (1.10.0):
    - Amplify (= 1.10.0)
    - AWSCore (~> 2.24.0)
  - AWSS3 (2.24.2):
    - AWSCore (= 2.24.2)
  - Starscream (3.1.1)

DEPENDENCIES:
  - Amplify (~> 1.0)
  - Amplify/Tools (~> 1.0)
  - AmplifyPlugins/AWSAPIPlugin (~> 1.0)
  - AmplifyPlugins/AWSCognitoAuthPlugin (~> 1.0)
  - AmplifyPlugins/AWSS3StoragePlugin (~> 1.0)

SPEC REPOS:
  trunk:
    - Amplify
    - AmplifyPlugins
    - AppSyncRealTimeClient
    - AWSAuthCore
    - AWSCognitoIdentityProvider
    - AWSCognitoIdentityProviderASF
    - AWSCore
    - AWSMobileClient
    - AWSPluginsCore
    - AWSS3
    - Starscream

SPEC CHECKSUMS:
  Amplify: 11e56f4e8ae5abc7a3c2e061c5b99265f81cc93a
  AmplifyPlugins: ff526ead875caa68c7a6b369f4be332df317bf79
  AppSyncRealTimeClient: 2b4482b1770a3e5cf64f9714a6d198550017b5a2
  AWSAuthCore: d2cb921db598ea03d67284977a3c691e9a1aee83
  AWSCognitoIdentityProvider: f9d68c563718fa5aa76e077752df06c73810efba
  AWSCognitoIdentityProviderASF: 21681469334e286df6e5470f3cbab3b10edbf818
  AWSCore: 08a61ac2b1d98b2d43f59ee40c4bd68e58dfdea3
  AWSMobileClient: 6af7fff9e58f8d427acf3381cbbae2f0c34d52ab
  AWSPluginsCore: 744703798503e07230cc64b67b1f7ff0569e06e9
  AWSS3: 1782d0db43a1219a118ea6263d4ea01f76f8cdf4
  Starscream: 4bb2f9942274833f7b4d296a55504dcfc7edb7b0

PODFILE CHECKSUM: 650fc7a195c2d70affc97edc3ca126b37c1cae57

COCOAPODS: 1.10.1
