PODS:
  - Amplify (1.6.0):
    - Amplify/Default (= 1.6.0)
  - Amplify/Default (1.6.0)
  - Amplify/Tools (1.6.0)
  - AmplifyPlugins/AWSAPIPlugin (1.6.0):
    - AppSyncRealTimeClient (~> 1.4.0)
    - AWSCore (~> 2.22.0)
    - AWSPluginsCore (= 1.6.0)
  - AmplifyPlugins/AWSCognitoAuthPlugin (1.6.0):
    - AWSAuthCore (~> 2.22.0)
    - AWSCognitoIdentityProvider (~> 2.22.0)
    - AWSCognitoIdentityProviderASF (~> 2.22.0)
    - AWSCore (~> 2.22.0)
    - AWSMobileClient (~> 2.22.0)
    - AWSPluginsCore (= 1.6.0)
  - AmplifyPlugins/AWSS3StoragePlugin (1.6.0):
    - AWSCore (~> 2.22.0)
    - AWSPluginsCore (= 1.6.0)
    - AWSS3 (~> 2.22.0)
  - AppSyncRealTimeClient (1.4.3):
    - Starscream (~> 3.1.0)
  - AWSAuthCore (2.22.3):
    - AWSCore (= 2.22.3)
  - AWSCognitoIdentityProvider (2.22.3):
    - AWSCognitoIdentityProviderASF (= 2.22.3)
    - AWSCore (= 2.22.3)
  - AWSCognitoIdentityProviderASF (2.22.3)
  - AWSCore (2.22.3)
  - AWSMobileClient (2.22.3):
    - AWSAuthCore (= 2.22.3)
    - AWSCognitoIdentityProvider (= 2.22.3)
    - AWSCognitoIdentityProviderASF (= 2.22.3)
    - AWSCore (= 2.22.3)
  - AWSPluginsCore (1.6.0):
    - Amplify (= 1.6.0)
    - AWSCore (~> 2.22.0)
  - AWSS3 (2.22.3):
    - AWSCore (= 2.22.3)
  - Starscream (3.1.1)

DEPENDENCIES:
  - Amplify (~> 1.0)
  - Amplify/Tools (~> 1.0)
  - AmplifyPlugins/AWSAPIPlugin (~> 1.0)
  - AmplifyPlugins/AWSCognitoAuthPlugin (~> 1.0)
  - AmplifyPlugins/AWSS3StoragePlugin (~> 1.0)

SPEC REPOS:
  trunk:
    - Amplify
    - AmplifyPlugins
    - AppSyncRealTimeClient
    - AWSAuthCore
    - AWSCognitoIdentityProvider
    - AWSCognitoIdentityProviderASF
    - AWSCore
    - AWSMobileClient
    - AWSPluginsCore
    - AWSS3
    - Starscream

SPEC CHECKSUMS:
  Amplify: fe8cbe6fcd0e6468f537bd49e6c3d15437442576
  AmplifyPlugins: 85fa4fa7d0eb78a4f4f44dcf107993a8c13fdf2a
  AppSyncRealTimeClient: 04df4dffe57cfbd06da336d0bfcd5641ba9adcb5
  AWSAuthCore: 5a2e6c939281a56c30f68896bc68ee44044400bc
  AWSCognitoIdentityProvider: 5aefe4cbfdecc2f9335fb0e2236d334b2d438d59
  AWSCognitoIdentityProviderASF: 455fb74bf1b0b5aeab9800495f2060f391f2e38e
  AWSCore: c86b71ff60747c4058769af64ed871ebfae16ddb
  AWSMobileClient: 6f63dd57d3df2ebcac1be074144f029e0db90536
  AWSPluginsCore: d21990b54729e2a95620922ea83e123adaa678cd
  AWSS3: 4c5de623861eb2f660465084829b22abfcdf5644
  Starscream: 4bb2f9942274833f7b4d296a55504dcfc7edb7b0

PODFILE CHECKSUM: 650fc7a195c2d70affc97edc3ca126b37c1cae57

COCOAPODS: 1.10.0
