PODS:
  - Amplify (1.14.0):
    - Amplify/Default (= 1.14.0)
  - Amplify/Default (1.14.0)
  - Amplify/Tools (1.14.0)
  - AmplifyPlugins/AWSAPIPlugin (1.14.0):
    - AppSyncRealTimeClient (~> 1.4)
    - AWSCore (~> 2.26.0)
    - AWSPluginsCore (= 1.14.0)
  - AmplifyPlugins/AWSCognitoAuthPlugin (1.14.0):
    - AWSAuthCore (~> 2.26.0)
    - AWSCognitoIdentityProvider (~> 2.26.0)
    - AWSCognitoIdentityProviderASF (~> 2.26.0)
    - AWSCore (~> 2.26.0)
    - AWSMobileClient (~> 2.26.0)
    - AWSPluginsCore (= 1.14.0)
  - AmplifyPlugins/AWSS3StoragePlugin (1.14.0):
    - AWSCore (~> 2.26.0)
    - AWSPluginsCore (= 1.14.0)
    - AWSS3 (~> 2.26.0)
  - AppSyncRealTimeClient (1.5.0):
    - Starscream (~> 3.1.1)
  - AWSAuthCore (2.26.0):
    - AWSCore (= 2.26.0)
  - AWSCognitoIdentityProvider (2.26.0):
    - AWSCognitoIdentityProviderASF (= 2.26.0)
    - AWSCore (= 2.26.0)
  - AWSCognitoIdentityProviderASF (2.26.0)
  - AWSCore (2.26.0)
  - AWSMobileClient (2.26.0):
    - AWSAuthCore (= 2.26.0)
    - AWSCognitoIdentityProvider (= 2.26.0)
    - AWSCognitoIdentityProviderASF (= 2.26.0)
    - AWSCore (= 2.26.0)
  - AWSPluginsCore (1.14.0):
    - Amplify (= 1.14.0)
    - AWSCore (~> 2.26.0)
  - AWSS3 (2.26.0):
    - AWSCore (= 2.26.0)
  - Starscream (3.1.1)

DEPENDENCIES:
  - Amplify (~> 1.0)
  - Amplify/Tools (~> 1.0)
  - AmplifyPlugins/AWSAPIPlugin (~> 1.0)
  - AmplifyPlugins/AWSCognitoAuthPlugin (~> 1.0)
  - AmplifyPlugins/AWSS3StoragePlugin (~> 1.0)

SPEC REPOS:
  trunk:
    - Amplify
    - AmplifyPlugins
    - AppSyncRealTimeClient
    - AWSAuthCore
    - AWSCognitoIdentityProvider
    - AWSCognitoIdentityProviderASF
    - AWSCore
    - AWSMobileClient
    - AWSPluginsCore
    - AWSS3
    - Starscream

SPEC CHECKSUMS:
  Amplify: 6402de6b8e46f3228b59fef3dfe379ebbfb0e0f1
  AmplifyPlugins: 94bb3e7e006b41f82e8a0a1dbbc48925d9edbe4c
  AppSyncRealTimeClient: 2b4482b1770a3e5cf64f9714a6d198550017b5a2
  AWSAuthCore: e33e7d1c2a7e6c08a026865f9396b0ef870faac3
  AWSCognitoIdentityProvider: 4119e1492b23fc408a18c6dafe06888ef03c96e3
  AWSCognitoIdentityProviderASF: a7f1e8cbafbac53ea1150ca50eac870d5c04dacf
  AWSCore: b6d8dda67f24c6fc4c354334ec6d34238f37b735
  AWSMobileClient: a9a498884df72531e3e73c9d7bb087f72364204d
  AWSPluginsCore: 75950cfd39535b0a3654096cb472a7ee5b2ce0fa
  AWSS3: add6253ef16fea349eac27143885d3a44d62dad9
  Starscream: 4bb2f9942274833f7b4d296a55504dcfc7edb7b0

PODFILE CHECKSUM: 657cc6296c41e2f3afba640dff360bd9d11942d7

COCOAPODS: 1.10.1
