// !$*UTF8*$!
{
	archiveVersion = 1;
	classes = {
	};
	objectVersion = 54;
	objects = {

/* Begin PBXBuildFile section */
		0027FEF62B1417BF0030960B /* Authenticator in Frameworks */ = {isa = PBXBuildFile; productRef = 0027FEF52B1417BF0030960B /* Authenticator */; };
		0054616E29A670EE00D4B110 /* Model.swift in Sources */ = {isa = PBXBuildFile; fileRef = 0054616D29A670EE00D4B110 /* Model.swift */; };
		00678A6329A646FB00CA03EF /* LaunchScreen.storyboard in Resources */ = {isa = PBXBuildFile; fileRef = 00678A6129A646FB00CA03EF /* LaunchScreen.storyboard */; };
		006E5EE229A4BDD300BF4871 /* Assets.xcassets in Resources */ = {isa = PBXBuildFile; fileRef = 006E5EE129A4BDD300BF4871 /* Assets.xcassets */; };
		006E5EE929A4BFAA00BF4871 /* amplify_logo-10.png in Resources */ = {isa = PBXBuildFile; fileRef = 006E5EE629A4BFAA00BF4871 /* amplify_logo-10.png */; };
		0084717524A60D82002CD90D /* ContentView.swift in Sources */ = {isa = PBXBuildFile; fileRef = 0084717424A60D82002CD90D /* ContentView.swift */; };
		0084717A24A60D86002CD90D /* Preview Assets.xcassets in Resources */ = {isa = PBXBuildFile; fileRef = 0084717924A60D86002CD90D /* Preview Assets.xcassets */; };
		00904A582A0A3FD400961C2F /* 4BC64B0D-A56E-4218-9993-C5C4EDF9C044.png in Resources */ = {isa = PBXBuildFile; fileRef = 00904A562A0A3FD300961C2F /* 4BC64B0D-A56E-4218-9993-C5C4EDF9C044.png */; };
		00904A592A0A3FD400961C2F /* 27F5F399-2D1D-476F-84BB-E50913535352.png in Resources */ = {isa = PBXBuildFile; fileRef = 00904A572A0A3FD400961C2F /* 27F5F399-2D1D-476F-84BB-E50913535352.png */; };
		009D73A628D4A3100066DEA4 /* App.swift in Sources */ = {isa = PBXBuildFile; fileRef = 009D73A528D4A3100066DEA4 /* App.swift */; };
		00A017DA2542A646003977CB /* ViewModel.swift in Sources */ = {isa = PBXBuildFile; fileRef = 00A017D92542A646003977CB /* ViewModel.swift */; };
		00BB8D91291D359E00756622 /* AWSAPIPlugin in Frameworks */ = {isa = PBXBuildFile; productRef = 00BB8D90291D359E00756622 /* AWSAPIPlugin */; };
		00BB8D93291D359E00756622 /* AWSCognitoAuthPlugin in Frameworks */ = {isa = PBXBuildFile; productRef = 00BB8D92291D359E00756622 /* AWSCognitoAuthPlugin */; };
		00BB8D95291D359E00756622 /* AWSS3StoragePlugin in Frameworks */ = {isa = PBXBuildFile; productRef = 00BB8D94291D359E00756622 /* AWSS3StoragePlugin */; };
		00BB8D97291D359E00756622 /* Amplify in Frameworks */ = {isa = PBXBuildFile; productRef = 00BB8D96291D359E00756622 /* Amplify */; };
		00E7574B2704CB720018F166 /* getting_started_unit_tests.swift in Sources */ = {isa = PBXBuildFile; fileRef = 00E7574A2704CB720018F166 /* getting_started_unit_tests.swift */; };
		00F8F9B32704E4EE00786187 /* UIImage+resize.swift in Sources */ = {isa = PBXBuildFile; fileRef = 00F8F9B22704E4EE00786187 /* UIImage+resize.swift */; };
		00F8F9BC2705A84C00786187 /* getting_started_ui_tests.swift in Sources */ = {isa = PBXBuildFile; fileRef = 00F8F9BB2705A84C00786187 /* getting_started_ui_tests.swift */; };
		00F8F9BE2705A84C00786187 /* getting_started_ui_testsLaunchTests.swift in Sources */ = {isa = PBXBuildFile; fileRef = 00F8F9BD2705A84C00786187 /* getting_started_ui_testsLaunchTests.swift */; };
		00FA7E7524A9EC46007042EA /* Backend.swift in Sources */ = {isa = PBXBuildFile; fileRef = 00FA7E7424A9EC46007042EA /* Backend.swift */; };
		00FA7E7724AA1DB0007042EA /* CaptureImageView.swift in Sources */ = {isa = PBXBuildFile; fileRef = 00FA7E7624AA1DB0007042EA /* CaptureImageView.swift */; };
		55DD6BBFE7609CE8705E3E7B /* NoteData.swift in Sources */ = {isa = PBXBuildFile; fileRef = CEB68CC9C6D39A9706C8B888 /* NoteData.swift */; };
		8F07D5E87234E68690BFCD5B /* AmplifyModels.swift in Sources */ = {isa = PBXBuildFile; fileRef = 4807AE5EEA9DBD613F5DC845 /* AmplifyModels.swift */; };
		9ED2BAC10236F879FD353ACA /* amplifyconfiguration.json in Resources */ = {isa = PBXBuildFile; fileRef = 8CF1AA48D0C5E2C960263F45 /* amplifyconfiguration.json */; };
		B38FBC3FA55B3AAAF1F89548 /* awsconfiguration.json in Resources */ = {isa = PBXBuildFile; fileRef = 5143D6592CCDA4A3277EA67D /* awsconfiguration.json */; };
		D2322EA3AC392E1784EBA94E /* NoteData+Schema.swift in Sources */ = {isa = PBXBuildFile; fileRef = B30EDC28179E4A8BCE0A2250 /* NoteData+Schema.swift */; };
/* End PBXBuildFile section */

/* Begin PBXContainerItemProxy section */
		00E7574C2704CB720018F166 /* PBXContainerItemProxy */ = {
			isa = PBXContainerItemProxy;
			containerPortal = 0084716524A60D82002CD90D /* Project object */;
			proxyType = 1;
			remoteGlobalIDString = 0084716C24A60D82002CD90D;
			remoteInfo = "getting started";
		};
		00F8F9BF2705A84C00786187 /* PBXContainerItemProxy */ = {
			isa = PBXContainerItemProxy;
			containerPortal = 0084716524A60D82002CD90D /* Project object */;
			proxyType = 1;
			remoteGlobalIDString = 0084716C24A60D82002CD90D;
			remoteInfo = "getting started";
		};
/* End PBXContainerItemProxy section */

/* Begin PBXFileReference section */
		0054616D29A670EE00D4B110 /* Model.swift */ = {isa = PBXFileReference; lastKnownFileType = sourcecode.swift; path = Model.swift; sourceTree = "<group>"; };
		00678A6229A646FB00CA03EF /* Base */ = {isa = PBXFileReference; lastKnownFileType = file.storyboard; name = Base; path = LaunchScreen.storyboard; sourceTree = "<group>"; };
		006E5EE129A4BDD300BF4871 /* Assets.xcassets */ = {isa = PBXFileReference; lastKnownFileType = folder.assetcatalog; path = Assets.xcassets; sourceTree = "<group>"; };
		006E5EE629A4BFAA00BF4871 /* amplify_logo-10.png */ = {isa = PBXFileReference; lastKnownFileType = image.png; path = "amplify_logo-10.png"; sourceTree = "<group>"; };
		0084716D24A60D82002CD90D /* getting started.app */ = {isa = PBXFileReference; explicitFileType = wrapper.application; includeInIndex = 0; path = "getting started.app"; sourceTree = BUILT_PRODUCTS_DIR; };
		0084717424A60D82002CD90D /* ContentView.swift */ = {isa = PBXFileReference; lastKnownFileType = sourcecode.swift; path = ContentView.swift; sourceTree = "<group>"; };
		0084717924A60D86002CD90D /* Preview Assets.xcassets */ = {isa = PBXFileReference; lastKnownFileType = folder.assetcatalog; path = "Preview Assets.xcassets"; sourceTree = "<group>"; };
		0084717E24A60D86002CD90D /* Info.plist */ = {isa = PBXFileReference; lastKnownFileType = text.plist.xml; path = Info.plist; sourceTree = "<group>"; };
		00904A562A0A3FD300961C2F /* 4BC64B0D-A56E-4218-9993-C5C4EDF9C044.png */ = {isa = PBXFileReference; lastKnownFileType = image.png; path = "4BC64B0D-A56E-4218-9993-C5C4EDF9C044.png"; sourceTree = "<group>"; };
		00904A572A0A3FD400961C2F /* 27F5F399-2D1D-476F-84BB-E50913535352.png */ = {isa = PBXFileReference; lastKnownFileType = image.png; path = "27F5F399-2D1D-476F-84BB-E50913535352.png"; sourceTree = "<group>"; };
		009D73A528D4A3100066DEA4 /* App.swift */ = {isa = PBXFileReference; lastKnownFileType = sourcecode.swift; path = App.swift; sourceTree = "<group>"; };
		00A017D92542A646003977CB /* ViewModel.swift */ = {isa = PBXFileReference; lastKnownFileType = sourcecode.swift; path = ViewModel.swift; sourceTree = "<group>"; };
		00E757482704CB710018F166 /* getting started unit tests.xctest */ = {isa = PBXFileReference; explicitFileType = wrapper.cfbundle; includeInIndex = 0; path = "getting started unit tests.xctest"; sourceTree = BUILT_PRODUCTS_DIR; };
		00E7574A2704CB720018F166 /* getting_started_unit_tests.swift */ = {isa = PBXFileReference; lastKnownFileType = sourcecode.swift; path = getting_started_unit_tests.swift; sourceTree = "<group>"; };
		00F8F9B22704E4EE00786187 /* UIImage+resize.swift */ = {isa = PBXFileReference; lastKnownFileType = sourcecode.swift; path = "UIImage+resize.swift"; sourceTree = "<group>"; };
		00F8F9B92705A84B00786187 /* getting started ui tests.xctest */ = {isa = PBXFileReference; explicitFileType = wrapper.cfbundle; includeInIndex = 0; path = "getting started ui tests.xctest"; sourceTree = BUILT_PRODUCTS_DIR; };
		00F8F9BB2705A84C00786187 /* getting_started_ui_tests.swift */ = {isa = PBXFileReference; lastKnownFileType = sourcecode.swift; path = getting_started_ui_tests.swift; sourceTree = "<group>"; };
		00F8F9BD2705A84C00786187 /* getting_started_ui_testsLaunchTests.swift */ = {isa = PBXFileReference; lastKnownFileType = sourcecode.swift; path = getting_started_ui_testsLaunchTests.swift; sourceTree = "<group>"; };
		00FA7E7424A9EC46007042EA /* Backend.swift */ = {isa = PBXFileReference; lastKnownFileType = sourcecode.swift; path = Backend.swift; sourceTree = "<group>"; };
		00FA7E7624AA1DB0007042EA /* CaptureImageView.swift */ = {isa = PBXFileReference; lastKnownFileType = sourcecode.swift; path = CaptureImageView.swift; sourceTree = "<group>"; };
		00FD171828D5029D004C4CC9 /* ci_pre_xcodebuild.sh */ = {isa = PBXFileReference; lastKnownFileType = text.script.sh; path = ci_pre_xcodebuild.sh; sourceTree = "<group>"; };
		00FD171928D502B3004C4CC9 /* ci_post_clone.sh */ = {isa = PBXFileReference; lastKnownFileType = text.script.sh; path = ci_post_clone.sh; sourceTree = "<group>"; };
		00FD171A28D502CC004C4CC9 /* ci_post_xcodebuild.sh */ = {isa = PBXFileReference; lastKnownFileType = text.script.sh; path = ci_post_xcodebuild.sh; sourceTree = "<group>"; };
		4807AE5EEA9DBD613F5DC845 /* AmplifyModels.swift */ = {isa = PBXFileReference; explicitFileType = sourcecode.swift; name = AmplifyModels.swift; path = amplify/generated/models/AmplifyModels.swift; sourceTree = "<group>"; };
		5143D6592CCDA4A3277EA67D /* awsconfiguration.json */ = {isa = PBXFileReference; explicitFileType = text.json; path = awsconfiguration.json; sourceTree = "<group>"; };
		8CF1AA48D0C5E2C960263F45 /* amplifyconfiguration.json */ = {isa = PBXFileReference; explicitFileType = text.json; path = amplifyconfiguration.json; sourceTree = "<group>"; };
		B30EDC28179E4A8BCE0A2250 /* NoteData+Schema.swift */ = {isa = PBXFileReference; explicitFileType = sourcecode.swift; name = "NoteData+Schema.swift"; path = "amplify/generated/models/NoteData+Schema.swift"; sourceTree = "<group>"; };
		CEB68CC9C6D39A9706C8B888 /* NoteData.swift */ = {isa = PBXFileReference; explicitFileType = sourcecode.swift; name = NoteData.swift; path = amplify/generated/models/NoteData.swift; sourceTree = "<group>"; };
/* End PBXFileReference section */

/* Begin PBXFrameworksBuildPhase section */
		0084716A24A60D82002CD90D /* Frameworks */ = {
			isa = PBXFrameworksBuildPhase;
			buildActionMask = 2147483647;
			files = (
				00BB8D91291D359E00756622 /* AWSAPIPlugin in Frameworks */,
				0027FEF62B1417BF0030960B /* Authenticator in Frameworks */,
				00BB8D97291D359E00756622 /* Amplify in Frameworks */,
				00BB8D93291D359E00756622 /* AWSCognitoAuthPlugin in Frameworks */,
				00BB8D95291D359E00756622 /* AWSS3StoragePlugin in Frameworks */,
			);
			runOnlyForDeploymentPostprocessing = 0;
		};
		00E757452704CB710018F166 /* Frameworks */ = {
			isa = PBXFrameworksBuildPhase;
			buildActionMask = 2147483647;
			files = (
			);
			runOnlyForDeploymentPostprocessing = 0;
		};
		00F8F9B62705A84B00786187 /* Frameworks */ = {
			isa = PBXFrameworksBuildPhase;
			buildActionMask = 2147483647;
			files = (
			);
			runOnlyForDeploymentPostprocessing = 0;
		};
/* End PBXFrameworksBuildPhase section */

/* Begin PBXGroup section */
		00678A6029A646FB00CA03EF /* Base.lproj */ = {
			isa = PBXGroup;
			children = (
				00678A6129A646FB00CA03EF /* LaunchScreen.storyboard */,
			);
			path = Base.lproj;
			sourceTree = "<group>";
		};
		006E5EE329A4BE1700BF4871 /* Resources */ = {
			isa = PBXGroup;
			children = (
				00904A562A0A3FD300961C2F /* 4BC64B0D-A56E-4218-9993-C5C4EDF9C044.png */,
				00904A572A0A3FD400961C2F /* 27F5F399-2D1D-476F-84BB-E50913535352.png */,
				006E5EE629A4BFAA00BF4871 /* amplify_logo-10.png */,
			);
			path = Resources;
			sourceTree = "<group>";
		};
		0084716424A60D82002CD90D = {
			isa = PBXGroup;
			children = (
				00FD171728D5028C004C4CC9 /* ci_scripts */,
				0084716F24A60D82002CD90D /* getting started */,
				00E757492704CB720018F166 /* getting started unit tests */,
				00F8F9BA2705A84C00786187 /* getting started ui tests */,
				006E5EE329A4BE1700BF4871 /* Resources */,
				0084716E24A60D82002CD90D /* Products */,
				DDCB08E54FCB31B13653CF2B /* Frameworks */,
				4BAE36455AC9823D09E807BF /* AmplifyConfig */,
				8B5A5FFB503C656332FABF2A /* AmplifyModels */,
			);
			sourceTree = "<group>";
		};
		0084716E24A60D82002CD90D /* Products */ = {
			isa = PBXGroup;
			children = (
				0084716D24A60D82002CD90D /* getting started.app */,
				00E757482704CB710018F166 /* getting started unit tests.xctest */,
				00F8F9B92705A84B00786187 /* getting started ui tests.xctest */,
			);
			name = Products;
			sourceTree = "<group>";
		};
		0084716F24A60D82002CD90D /* getting started */ = {
			isa = PBXGroup;
			children = (
				00FA7E7424A9EC46007042EA /* Backend.swift */,
				00A017D92542A646003977CB /* ViewModel.swift */,
				0054616D29A670EE00D4B110 /* Model.swift */,
				0084717424A60D82002CD90D /* ContentView.swift */,
				00FA7E7624AA1DB0007042EA /* CaptureImageView.swift */,
				00F8F9B22704E4EE00786187 /* UIImage+resize.swift */,
				009D73A528D4A3100066DEA4 /* App.swift */,
				0084717E24A60D86002CD90D /* Info.plist */,
				006E5EE129A4BDD300BF4871 /* Assets.xcassets */,
				00678A6029A646FB00CA03EF /* Base.lproj */,
				0084717824A60D86002CD90D /* Preview Content */,
			);
			path = "getting started";
			sourceTree = "<group>";
		};
		0084717824A60D86002CD90D /* Preview Content */ = {
			isa = PBXGroup;
			children = (
				0084717924A60D86002CD90D /* Preview Assets.xcassets */,
			);
			path = "Preview Content";
			sourceTree = "<group>";
		};
		00E757492704CB720018F166 /* getting started unit tests */ = {
			isa = PBXGroup;
			children = (
				00E7574A2704CB720018F166 /* getting_started_unit_tests.swift */,
			);
			path = "getting started unit tests";
			sourceTree = "<group>";
		};
		00F8F9BA2705A84C00786187 /* getting started ui tests */ = {
			isa = PBXGroup;
			children = (
				00F8F9BB2705A84C00786187 /* getting_started_ui_tests.swift */,
				00F8F9BD2705A84C00786187 /* getting_started_ui_testsLaunchTests.swift */,
			);
			path = "getting started ui tests";
			sourceTree = "<group>";
		};
		00FD171728D5028C004C4CC9 /* ci_scripts */ = {
			isa = PBXGroup;
			children = (
				00FD171928D502B3004C4CC9 /* ci_post_clone.sh */,
				00FD171828D5029D004C4CC9 /* ci_pre_xcodebuild.sh */,
				00FD171A28D502CC004C4CC9 /* ci_post_xcodebuild.sh */,
			);
			path = ci_scripts;
			sourceTree = "<group>";
		};
		4BAE36455AC9823D09E807BF /* AmplifyConfig */ = {
			isa = PBXGroup;
			children = (
				5143D6592CCDA4A3277EA67D /* awsconfiguration.json */,
				8CF1AA48D0C5E2C960263F45 /* amplifyconfiguration.json */,
			);
			name = AmplifyConfig;
			sourceTree = "<group>";
		};
		8B5A5FFB503C656332FABF2A /* AmplifyModels */ = {
			isa = PBXGroup;
			children = (
				4807AE5EEA9DBD613F5DC845 /* AmplifyModels.swift */,
				B30EDC28179E4A8BCE0A2250 /* NoteData+Schema.swift */,
				CEB68CC9C6D39A9706C8B888 /* NoteData.swift */,
			);
			name = AmplifyModels;
			sourceTree = "<group>";
		};
		DDCB08E54FCB31B13653CF2B /* Frameworks */ = {
			isa = PBXGroup;
			children = (
			);
			name = Frameworks;
			sourceTree = "<group>";
		};
/* End PBXGroup section */

/* Begin PBXNativeTarget section */
		0084716C24A60D82002CD90D /* getting started */ = {
			isa = PBXNativeTarget;
			buildConfigurationList = 0084718124A60D86002CD90D /* Build configuration list for PBXNativeTarget "getting started" */;
			buildPhases = (
				0084716924A60D82002CD90D /* Sources */,
				0084716A24A60D82002CD90D /* Frameworks */,
				0084716B24A60D82002CD90D /* Resources */,
			);
			buildRules = (
			);
			dependencies = (
			);
			name = "getting started";
			packageProductDependencies = (
				00BB8D90291D359E00756622 /* AWSAPIPlugin */,
				00BB8D92291D359E00756622 /* AWSCognitoAuthPlugin */,
				00BB8D94291D359E00756622 /* AWSS3StoragePlugin */,
				00BB8D96291D359E00756622 /* Amplify */,
				0027FEF52B1417BF0030960B /* Authenticator */,
			);
			productName = "getting started";
			productReference = 0084716D24A60D82002CD90D /* getting started.app */;
			productType = "com.apple.product-type.application";
		};
		00E757472704CB710018F166 /* getting started unit tests */ = {
			isa = PBXNativeTarget;
			buildConfigurationList = 00E757502704CB720018F166 /* Build configuration list for PBXNativeTarget "getting started unit tests" */;
			buildPhases = (
				00E757442704CB710018F166 /* Sources */,
				00E757452704CB710018F166 /* Frameworks */,
				00E757462704CB710018F166 /* Resources */,
			);
			buildRules = (
			);
			dependencies = (
				00E7574D2704CB720018F166 /* PBXTargetDependency */,
			);
			name = "getting started unit tests";
			productName = "getting started unit tests";
			productReference = 00E757482704CB710018F166 /* getting started unit tests.xctest */;
			productType = "com.apple.product-type.bundle.unit-test";
		};
		00F8F9B82705A84B00786187 /* getting started ui tests */ = {
			isa = PBXNativeTarget;
			buildConfigurationList = 00F8F9C12705A84C00786187 /* Build configuration list for PBXNativeTarget "getting started ui tests" */;
			buildPhases = (
				00F8F9B52705A84B00786187 /* Sources */,
				00F8F9B62705A84B00786187 /* Frameworks */,
				00F8F9B72705A84B00786187 /* Resources */,
			);
			buildRules = (
			);
			dependencies = (
				00F8F9C02705A84C00786187 /* PBXTargetDependency */,
			);
			name = "getting started ui tests";
			productName = "getting started ui tests";
			productReference = 00F8F9B92705A84B00786187 /* getting started ui tests.xctest */;
			productType = "com.apple.product-type.bundle.ui-testing";
		};
/* End PBXNativeTarget section */

/* Begin PBXProject section */
		0084716524A60D82002CD90D /* Project object */ = {
			isa = PBXProject;
			attributes = {
				BuildIndependentTargetsInParallel = YES;
				LastSwiftUpdateCheck = 1300;
				LastUpgradeCheck = 1500;
				ORGANIZATIONNAME = "Stormacq, Sebastien";
				TargetAttributes = {
					0084716C24A60D82002CD90D = {
						CreatedOnToolsVersion = 11.5;
					};
					00E757472704CB710018F166 = {
						CreatedOnToolsVersion = 13.0;
						TestTargetID = 0084716C24A60D82002CD90D;
					};
					00F8F9B82705A84B00786187 = {
						CreatedOnToolsVersion = 13.0;
						TestTargetID = 0084716C24A60D82002CD90D;
					};
				};
			};
			buildConfigurationList = 0084716824A60D82002CD90D /* Build configuration list for PBXProject "getting started" */;
			compatibilityVersion = "Xcode 9.3";
			developmentRegion = en;
			hasScannedForEncodings = 0;
			knownRegions = (
				en,
				Base,
			);
			mainGroup = 0084716424A60D82002CD90D;
			packageReferences = (
				00BB8D8F291D359E00756622 /* XCRemoteSwiftPackageReference "amplify-swift" */,
				0027FEF42B1417BF0030960B /* XCRemoteSwiftPackageReference "amplify-ui-swift-authenticator" */,
			);
			productRefGroup = 0084716E24A60D82002CD90D /* Products */;
			projectDirPath = "";
			projectRoot = "";
			targets = (
				0084716C24A60D82002CD90D /* getting started */,
				00E757472704CB710018F166 /* getting started unit tests */,
				00F8F9B82705A84B00786187 /* getting started ui tests */,
			);
		};
/* End PBXProject section */

/* Begin PBXResourcesBuildPhase section */
		0084716B24A60D82002CD90D /* Resources */ = {
			isa = PBXResourcesBuildPhase;
			buildActionMask = 2147483647;
			files = (
				0084717A24A60D86002CD90D /* Preview Assets.xcassets in Resources */,
				00904A582A0A3FD400961C2F /* 4BC64B0D-A56E-4218-9993-C5C4EDF9C044.png in Resources */,
				006E5EE929A4BFAA00BF4871 /* amplify_logo-10.png in Resources */,
				00678A6329A646FB00CA03EF /* LaunchScreen.storyboard in Resources */,
				006E5EE229A4BDD300BF4871 /* Assets.xcassets in Resources */,
				00904A592A0A3FD400961C2F /* 27F5F399-2D1D-476F-84BB-E50913535352.png in Resources */,
				B38FBC3FA55B3AAAF1F89548 /* awsconfiguration.json in Resources */,
				9ED2BAC10236F879FD353ACA /* amplifyconfiguration.json in Resources */,
			);
			runOnlyForDeploymentPostprocessing = 0;
		};
		00E757462704CB710018F166 /* Resources */ = {
			isa = PBXResourcesBuildPhase;
			buildActionMask = 2147483647;
			files = (
			);
			runOnlyForDeploymentPostprocessing = 0;
		};
		00F8F9B72705A84B00786187 /* Resources */ = {
			isa = PBXResourcesBuildPhase;
			buildActionMask = 2147483647;
			files = (
			);
			runOnlyForDeploymentPostprocessing = 0;
		};
/* End PBXResourcesBuildPhase section */

/* Begin PBXSourcesBuildPhase section */
		0084716924A60D82002CD90D /* Sources */ = {
			isa = PBXSourcesBuildPhase;
			buildActionMask = 2147483647;
			files = (
				009D73A628D4A3100066DEA4 /* App.swift in Sources */,
				0084717524A60D82002CD90D /* ContentView.swift in Sources */,
				00A017DA2542A646003977CB /* ViewModel.swift in Sources */,
				00FA7E7724AA1DB0007042EA /* CaptureImageView.swift in Sources */,
				00FA7E7524A9EC46007042EA /* Backend.swift in Sources */,
				0054616E29A670EE00D4B110 /* Model.swift in Sources */,
				8F07D5E87234E68690BFCD5B /* AmplifyModels.swift in Sources */,
				D2322EA3AC392E1784EBA94E /* NoteData+Schema.swift in Sources */,
				55DD6BBFE7609CE8705E3E7B /* NoteData.swift in Sources */,
				00F8F9B32704E4EE00786187 /* UIImage+resize.swift in Sources */,
			);
			runOnlyForDeploymentPostprocessing = 0;
		};
		00E757442704CB710018F166 /* Sources */ = {
			isa = PBXSourcesBuildPhase;
			buildActionMask = 2147483647;
			files = (
				00E7574B2704CB720018F166 /* getting_started_unit_tests.swift in Sources */,
			);
			runOnlyForDeploymentPostprocessing = 0;
		};
		00F8F9B52705A84B00786187 /* Sources */ = {
			isa = PBXSourcesBuildPhase;
			buildActionMask = 2147483647;
			files = (
				00F8F9BC2705A84C00786187 /* getting_started_ui_tests.swift in Sources */,
				00F8F9BE2705A84C00786187 /* getting_started_ui_testsLaunchTests.swift in Sources */,
			);
			runOnlyForDeploymentPostprocessing = 0;
		};
/* End PBXSourcesBuildPhase section */

/* Begin PBXTargetDependency section */
		00E7574D2704CB720018F166 /* PBXTargetDependency */ = {
			isa = PBXTargetDependency;
			target = 0084716C24A60D82002CD90D /* getting started */;
			targetProxy = 00E7574C2704CB720018F166 /* PBXContainerItemProxy */;
		};
		00F8F9C02705A84C00786187 /* PBXTargetDependency */ = {
			isa = PBXTargetDependency;
			target = 0084716C24A60D82002CD90D /* getting started */;
			targetProxy = 00F8F9BF2705A84C00786187 /* PBXContainerItemProxy */;
		};
/* End PBXTargetDependency section */

/* Begin PBXVariantGroup section */
		00678A6129A646FB00CA03EF /* LaunchScreen.storyboard */ = {
			isa = PBXVariantGroup;
			children = (
				00678A6229A646FB00CA03EF /* Base */,
			);
			name = LaunchScreen.storyboard;
			sourceTree = "<group>";
		};
/* End PBXVariantGroup section */

/* Begin XCBuildConfiguration section */
		0084717F24A60D86002CD90D /* Debug */ = {
			isa = XCBuildConfiguration;
			buildSettings = {
				ALWAYS_SEARCH_USER_PATHS = NO;
				ASSETCATALOG_COMPILER_GENERATE_SWIFT_ASSET_SYMBOL_EXTENSIONS = YES;
				CLANG_ANALYZER_NONNULL = YES;
				CLANG_ANALYZER_NUMBER_OBJECT_CONVERSION = YES_AGGRESSIVE;
				CLANG_CXX_LANGUAGE_STANDARD = "gnu++14";
				CLANG_CXX_LIBRARY = "libc++";
				CLANG_ENABLE_MODULES = YES;
				CLANG_ENABLE_OBJC_ARC = YES;
				CLANG_ENABLE_OBJC_WEAK = YES;
				CLANG_WARN_BLOCK_CAPTURE_AUTORELEASING = YES;
				CLANG_WARN_BOOL_CONVERSION = YES;
				CLANG_WARN_COMMA = YES;
				CLANG_WARN_CONSTANT_CONVERSION = YES;
				CLANG_WARN_DEPRECATED_OBJC_IMPLEMENTATIONS = YES;
				CLANG_WARN_DIRECT_OBJC_ISA_USAGE = YES_ERROR;
				CLANG_WARN_DOCUMENTATION_COMMENTS = YES;
				CLANG_WARN_EMPTY_BODY = YES;
				CLANG_WARN_ENUM_CONVERSION = YES;
				CLANG_WARN_INFINITE_RECURSION = YES;
				CLANG_WARN_INT_CONVERSION = YES;
				CLANG_WARN_NON_LITERAL_NULL_CONVERSION = YES;
				CLANG_WARN_OBJC_IMPLICIT_RETAIN_SELF = YES;
				CLANG_WARN_OBJC_LITERAL_CONVERSION = YES;
				CLANG_WARN_OBJC_ROOT_CLASS = YES_ERROR;
				CLANG_WARN_QUOTED_INCLUDE_IN_FRAMEWORK_HEADER = YES;
				CLANG_WARN_RANGE_LOOP_ANALYSIS = YES;
				CLANG_WARN_STRICT_PROTOTYPES = YES;
				CLANG_WARN_SUSPICIOUS_MOVE = YES;
				CLANG_WARN_UNGUARDED_AVAILABILITY = YES_AGGRESSIVE;
				CLANG_WARN_UNREACHABLE_CODE = YES;
				CLANG_WARN__DUPLICATE_METHOD_MATCH = YES;
				COPY_PHASE_STRIP = NO;
				DEBUG_INFORMATION_FORMAT = dwarf;
				ENABLE_STRICT_OBJC_MSGSEND = YES;
				ENABLE_TESTABILITY = YES;
				ENABLE_USER_SCRIPT_SANDBOXING = YES;
				GCC_C_LANGUAGE_STANDARD = gnu11;
				GCC_DYNAMIC_NO_PIC = NO;
				GCC_NO_COMMON_BLOCKS = YES;
				GCC_OPTIMIZATION_LEVEL = 0;
				GCC_PREPROCESSOR_DEFINITIONS = (
					"DEBUG=1",
					"$(inherited)",
				);
				GCC_WARN_64_TO_32_BIT_CONVERSION = YES;
				GCC_WARN_ABOUT_RETURN_TYPE = YES_ERROR;
				GCC_WARN_UNDECLARED_SELECTOR = YES;
				GCC_WARN_UNINITIALIZED_AUTOS = YES_AGGRESSIVE;
				GCC_WARN_UNUSED_FUNCTION = YES;
				GCC_WARN_UNUSED_VARIABLE = YES;
				IPHONEOS_DEPLOYMENT_TARGET = 17.0;
				MTL_ENABLE_DEBUG_INFO = INCLUDE_SOURCE;
				MTL_FAST_MATH = YES;
				ONLY_ACTIVE_ARCH = YES;
				SDKROOT = iphoneos;
				SWIFT_ACTIVE_COMPILATION_CONDITIONS = DEBUG;
				SWIFT_OPTIMIZATION_LEVEL = "-Onone";
			};
			name = Debug;
		};
		0084718024A60D86002CD90D /* Release */ = {
			isa = XCBuildConfiguration;
			buildSettings = {
				ALWAYS_SEARCH_USER_PATHS = NO;
				ASSETCATALOG_COMPILER_GENERATE_SWIFT_ASSET_SYMBOL_EXTENSIONS = YES;
				CLANG_ANALYZER_NONNULL = YES;
				CLANG_ANALYZER_NUMBER_OBJECT_CONVERSION = YES_AGGRESSIVE;
				CLANG_CXX_LANGUAGE_STANDARD = "gnu++14";
				CLANG_CXX_LIBRARY = "libc++";
				CLANG_ENABLE_MODULES = YES;
				CLANG_ENABLE_OBJC_ARC = YES;
				CLANG_ENABLE_OBJC_WEAK = YES;
				CLANG_WARN_BLOCK_CAPTURE_AUTORELEASING = YES;
				CLANG_WARN_BOOL_CONVERSION = YES;
				CLANG_WARN_COMMA = YES;
				CLANG_WARN_CONSTANT_CONVERSION = YES;
				CLANG_WARN_DEPRECATED_OBJC_IMPLEMENTATIONS = YES;
				CLANG_WARN_DIRECT_OBJC_ISA_USAGE = YES_ERROR;
				CLANG_WARN_DOCUMENTATION_COMMENTS = YES;
				CLANG_WARN_EMPTY_BODY = YES;
				CLANG_WARN_ENUM_CONVERSION = YES;
				CLANG_WARN_INFINITE_RECURSION = YES;
				CLANG_WARN_INT_CONVERSION = YES;
				CLANG_WARN_NON_LITERAL_NULL_CONVERSION = YES;
				CLANG_WARN_OBJC_IMPLICIT_RETAIN_SELF = YES;
				CLANG_WARN_OBJC_LITERAL_CONVERSION = YES;
				CLANG_WARN_OBJC_ROOT_CLASS = YES_ERROR;
				CLANG_WARN_QUOTED_INCLUDE_IN_FRAMEWORK_HEADER = YES;
				CLANG_WARN_RANGE_LOOP_ANALYSIS = YES;
				CLANG_WARN_STRICT_PROTOTYPES = YES;
				CLANG_WARN_SUSPICIOUS_MOVE = YES;
				CLANG_WARN_UNGUARDED_AVAILABILITY = YES_AGGRESSIVE;
				CLANG_WARN_UNREACHABLE_CODE = YES;
				CLANG_WARN__DUPLICATE_METHOD_MATCH = YES;
				COPY_PHASE_STRIP = YES;
				DEBUG_INFORMATION_FORMAT = "dwarf-with-dsym";
				DEPLOYMENT_POSTPROCESSING = YES;
				ENABLE_NS_ASSERTIONS = NO;
				ENABLE_STRICT_OBJC_MSGSEND = YES;
				ENABLE_USER_SCRIPT_SANDBOXING = YES;
				GCC_C_LANGUAGE_STANDARD = gnu11;
				GCC_NO_COMMON_BLOCKS = YES;
				GCC_WARN_64_TO_32_BIT_CONVERSION = YES;
				GCC_WARN_ABOUT_RETURN_TYPE = YES_ERROR;
				GCC_WARN_UNDECLARED_SELECTOR = YES;
				GCC_WARN_UNINITIALIZED_AUTOS = YES_AGGRESSIVE;
				GCC_WARN_UNUSED_FUNCTION = YES;
				GCC_WARN_UNUSED_VARIABLE = YES;
				IPHONEOS_DEPLOYMENT_TARGET = 17.0;
				MTL_ENABLE_DEBUG_INFO = NO;
				MTL_FAST_MATH = YES;
				SDKROOT = iphoneos;
				STRIPFLAGS = "-rSTx";
				SWIFT_COMPILATION_MODE = wholemodule;
				SWIFT_OPTIMIZATION_LEVEL = "-O";
				VALIDATE_PRODUCT = YES;
			};
			name = Release;
		};
		0084718224A60D86002CD90D /* Debug */ = {
			isa = XCBuildConfiguration;
			buildSettings = {
				ASSETCATALOG_COMPILER_APPICON_NAME = AppIcon;
				CODE_SIGN_IDENTITY = "Apple Development";
				"CODE_SIGN_IDENTITY[sdk=iphoneos*]" = "iPhone Developer";
				CODE_SIGN_STYLE = Manual;
				CURRENT_PROJECT_VERSION = 15;
				DEVELOPMENT_ASSET_PATHS = "\"getting started/Preview Content\"";
				DEVELOPMENT_TEAM = "";
				"DEVELOPMENT_TEAM[sdk=iphoneos*]" = 56U756R2L2;
				ENABLE_PREVIEWS = YES;
				INFOPLIST_FILE = "getting started/Info.plist";
				LD_RUNPATH_SEARCH_PATHS = (
					"$(inherited)",
					"@executable_path/Frameworks",
				);
				PRODUCT_BUNDLE_IDENTIFIER = "com.amazonaws.amplify.mobile.getting-started";
				PRODUCT_NAME = "$(TARGET_NAME)";
				PROVISIONING_PROFILE_SPECIFIER = "";
				"PROVISIONING_PROFILE_SPECIFIER[sdk=iphoneos*]" = "amplify-ios-getting-started-dev";
				SUPPORTED_PLATFORMS = "iphoneos iphonesimulator";
				SUPPORTS_MACCATALYST = NO;
				SUPPORTS_MAC_DESIGNED_FOR_IPHONE_IPAD = NO;
				SUPPORTS_XR_DESIGNED_FOR_IPHONE_IPAD = NO;
				SWIFT_STRICT_CONCURRENCY = minimal;
				SWIFT_VERSION = 5.0;
				TARGETED_DEVICE_FAMILY = "1,2";
			};
			name = Debug;
		};
		0084718324A60D86002CD90D /* Release */ = {
			isa = XCBuildConfiguration;
			buildSettings = {
				ASSETCATALOG_COMPILER_APPICON_NAME = AppIcon;
				CODE_SIGN_IDENTITY = "Apple Development";
				"CODE_SIGN_IDENTITY[sdk=iphoneos*]" = "iPhone Distribution";
				CODE_SIGN_STYLE = Manual;
				CURRENT_PROJECT_VERSION = 15;
				DEVELOPMENT_ASSET_PATHS = "\"getting started/Preview Content\"";
				DEVELOPMENT_TEAM = "";
				"DEVELOPMENT_TEAM[sdk=iphoneos*]" = 56U756R2L2;
				ENABLE_PREVIEWS = YES;
				INFOPLIST_FILE = "getting started/Info.plist";
				LD_RUNPATH_SEARCH_PATHS = (
					"$(inherited)",
					"@executable_path/Frameworks",
				);
				PRODUCT_BUNDLE_IDENTIFIER = "com.amazonaws.amplify.mobile.getting-started";
				PRODUCT_NAME = "$(TARGET_NAME)";
				PROVISIONING_PROFILE_SPECIFIER = "";
				"PROVISIONING_PROFILE_SPECIFIER[sdk=iphoneos*]" = "amplify-ios-getting-started-dist";
				SUPPORTED_PLATFORMS = "iphoneos iphonesimulator";
				SUPPORTS_MACCATALYST = NO;
				SUPPORTS_MAC_DESIGNED_FOR_IPHONE_IPAD = NO;
				SUPPORTS_XR_DESIGNED_FOR_IPHONE_IPAD = NO;
				SWIFT_STRICT_CONCURRENCY = minimal;
				SWIFT_VERSION = 5.0;
				TARGETED_DEVICE_FAMILY = "1,2";
			};
			name = Release;
		};
		00E7574E2704CB720018F166 /* Debug */ = {
			isa = XCBuildConfiguration;
			buildSettings = {
				BUNDLE_LOADER = "$(TEST_HOST)";
				CLANG_CXX_LANGUAGE_STANDARD = "gnu++17";
				CODE_SIGN_IDENTITY = "Apple Development";
				"CODE_SIGN_IDENTITY[sdk=macosx*]" = "Apple Development";
				CODE_SIGN_STYLE = Manual;
				CURRENT_PROJECT_VERSION = 1;
				DEVELOPMENT_TEAM = 56U756R2L2;
				GENERATE_INFOPLIST_FILE = YES;
				LD_RUNPATH_SEARCH_PATHS = (
					"$(inherited)",
					"@executable_path/Frameworks",
					"@loader_path/Frameworks",
				);
				MARKETING_VERSION = 1.0;
				PRODUCT_BUNDLE_IDENTIFIER = "com.stormacq.ios.getting-started-unit-tests";
				PRODUCT_NAME = "$(TARGET_NAME)";
				PROVISIONING_PROFILE_SPECIFIER = "";
				"PROVISIONING_PROFILE_SPECIFIER[sdk=macosx*]" = "";
				SWIFT_EMIT_LOC_STRINGS = NO;
				SWIFT_VERSION = 5.0;
				TARGETED_DEVICE_FAMILY = "1,2";
				TEST_HOST = "$(BUILT_PRODUCTS_DIR)/getting started.app/getting started";
			};
			name = Debug;
		};
		00E7574F2704CB720018F166 /* Release */ = {
			isa = XCBuildConfiguration;
			buildSettings = {
				BUNDLE_LOADER = "$(TEST_HOST)";
				CLANG_CXX_LANGUAGE_STANDARD = "gnu++17";
				CODE_SIGN_IDENTITY = "Apple Development";
				"CODE_SIGN_IDENTITY[sdk=macosx*]" = "Apple Development";
				CODE_SIGN_STYLE = Manual;
				CURRENT_PROJECT_VERSION = 1;
				DEVELOPMENT_TEAM = 56U756R2L2;
				GENERATE_INFOPLIST_FILE = YES;
				LD_RUNPATH_SEARCH_PATHS = (
					"$(inherited)",
					"@executable_path/Frameworks",
					"@loader_path/Frameworks",
				);
				MARKETING_VERSION = 1.0;
				PRODUCT_BUNDLE_IDENTIFIER = "com.stormacq.ios.getting-started-unit-tests";
				PRODUCT_NAME = "$(TARGET_NAME)";
				PROVISIONING_PROFILE_SPECIFIER = "";
				"PROVISIONING_PROFILE_SPECIFIER[sdk=macosx*]" = "";
				SWIFT_EMIT_LOC_STRINGS = NO;
				SWIFT_VERSION = 5.0;
				TARGETED_DEVICE_FAMILY = "1,2";
				TEST_HOST = "$(BUILT_PRODUCTS_DIR)/getting started.app/getting started";
			};
			name = Release;
		};
		00F8F9C22705A84C00786187 /* Debug */ = {
			isa = XCBuildConfiguration;
			buildSettings = {
				CLANG_CXX_LANGUAGE_STANDARD = "gnu++17";
				CODE_SIGN_IDENTITY = "iPhone Developer";
				"CODE_SIGN_IDENTITY[sdk=macosx*]" = "Mac Developer";
				CODE_SIGN_STYLE = Manual;
				CURRENT_PROJECT_VERSION = 1;
				DEVELOPMENT_TEAM = 56U756R2L2;
				"DEVELOPMENT_TEAM[sdk=iphoneos*]" = 56U756R2L2;
				GENERATE_INFOPLIST_FILE = YES;
				LD_RUNPATH_SEARCH_PATHS = (
					"$(inherited)",
					"@executable_path/Frameworks",
					"@loader_path/Frameworks",
				);
				MARKETING_VERSION = 1.0;
				PRODUCT_BUNDLE_IDENTIFIER = "com.stormacq.ios.getting-started-ui-tests";
				"PRODUCT_BUNDLE_IDENTIFIER[sdk=*]" = "com.stormacq.ios.getting-started-ui-tests";
				PRODUCT_NAME = "$(TARGET_NAME)";
				PROVISIONING_PROFILE_SPECIFIER = "getting-started-ios-tests-xctrunner";
				"PROVISIONING_PROFILE_SPECIFIER[sdk=iphoneos*]" = "amplify-ios-getting-started-uitests";
				"PROVISIONING_PROFILE_SPECIFIER[sdk=macosx*]" = "";
				SUPPORTED_PLATFORMS = "iphoneos iphonesimulator";
				SUPPORTS_MACCATALYST = NO;
				SUPPORTS_MAC_DESIGNED_FOR_IPHONE_IPAD = NO;
				SWIFT_EMIT_LOC_STRINGS = NO;
				SWIFT_VERSION = 5.0;
				TARGETED_DEVICE_FAMILY = "1,2";
				TEST_TARGET_NAME = "getting started";
			};
			name = Debug;
		};
		00F8F9C32705A84C00786187 /* Release */ = {
			isa = XCBuildConfiguration;
			buildSettings = {
				CLANG_CXX_LANGUAGE_STANDARD = "gnu++17";
				CODE_SIGN_IDENTITY = "iPhone Developer";
				"CODE_SIGN_IDENTITY[sdk=macosx*]" = "Mac Developer";
				CODE_SIGN_STYLE = Manual;
				CURRENT_PROJECT_VERSION = 1;
				DEVELOPMENT_TEAM = 56U756R2L2;
				"DEVELOPMENT_TEAM[sdk=iphoneos*]" = 56U756R2L2;
				GENERATE_INFOPLIST_FILE = YES;
				LD_RUNPATH_SEARCH_PATHS = (
					"$(inherited)",
					"@executable_path/Frameworks",
					"@loader_path/Frameworks",
				);
				MARKETING_VERSION = 1.0;
				PRODUCT_BUNDLE_IDENTIFIER = "com.stormacq.ios.getting-started-ui-tests";
				"PRODUCT_BUNDLE_IDENTIFIER[sdk=macosx*]" = "com.stormacq.ios.getting-started-ui-tests";
				PRODUCT_NAME = "$(TARGET_NAME)";
				PROVISIONING_PROFILE_SPECIFIER = "getting-started-ios-tests-xctrunner";
				"PROVISIONING_PROFILE_SPECIFIER[sdk=iphoneos*]" = "amplify-ios-getting-started-uitests";
				"PROVISIONING_PROFILE_SPECIFIER[sdk=macosx*]" = "";
				SUPPORTED_PLATFORMS = "iphoneos iphonesimulator";
				SUPPORTS_MACCATALYST = NO;
				SUPPORTS_MAC_DESIGNED_FOR_IPHONE_IPAD = NO;
				SWIFT_EMIT_LOC_STRINGS = NO;
				SWIFT_VERSION = 5.0;
				TARGETED_DEVICE_FAMILY = "1,2";
				TEST_TARGET_NAME = "getting started";
			};
			name = Release;
		};
/* End XCBuildConfiguration section */

/* Begin XCConfigurationList section */
		0084716824A60D82002CD90D /* Build configuration list for PBXProject "getting started" */ = {
			isa = XCConfigurationList;
			buildConfigurations = (
				0084717F24A60D86002CD90D /* Debug */,
				0084718024A60D86002CD90D /* Release */,
			);
			defaultConfigurationIsVisible = 0;
			defaultConfigurationName = Release;
		};
		0084718124A60D86002CD90D /* Build configuration list for PBXNativeTarget "getting started" */ = {
			isa = XCConfigurationList;
			buildConfigurations = (
				0084718224A60D86002CD90D /* Debug */,
				0084718324A60D86002CD90D /* Release */,
			);
			defaultConfigurationIsVisible = 0;
			defaultConfigurationName = Release;
		};
		00E757502704CB720018F166 /* Build configuration list for PBXNativeTarget "getting started unit tests" */ = {
			isa = XCConfigurationList;
			buildConfigurations = (
				00E7574E2704CB720018F166 /* Debug */,
				00E7574F2704CB720018F166 /* Release */,
			);
			defaultConfigurationIsVisible = 0;
			defaultConfigurationName = Release;
		};
		00F8F9C12705A84C00786187 /* Build configuration list for PBXNativeTarget "getting started ui tests" */ = {
			isa = XCConfigurationList;
			buildConfigurations = (
				00F8F9C22705A84C00786187 /* Debug */,
				00F8F9C32705A84C00786187 /* Release */,
			);
			defaultConfigurationIsVisible = 0;
			defaultConfigurationName = Release;
		};
/* End XCConfigurationList section */

/* Begin XCRemoteSwiftPackageReference section */
		0027FEF42B1417BF0030960B /* XCRemoteSwiftPackageReference "amplify-ui-swift-authenticator" */ = {
			isa = XCRemoteSwiftPackageReference;
			repositoryURL = "https://github.com/aws-amplify/amplify-ui-swift-authenticator";
			requirement = {
				kind = upToNextMajorVersion;
				minimumVersion = 1.1.0;
			};
		};
		00BB8D8F291D359E00756622 /* XCRemoteSwiftPackageReference "amplify-swift" */ = {
			isa = XCRemoteSwiftPackageReference;
			repositoryURL = "https://github.com/aws-amplify/amplify-swift";
			requirement = {
				kind = upToNextMajorVersion;
				minimumVersion = 2.35.0;
			};
		};
/* End XCRemoteSwiftPackageReference section */

/* Begin XCSwiftPackageProductDependency section */
		0027FEF52B1417BF0030960B /* Authenticator */ = {
			isa = XCSwiftPackageProductDependency;
			package = 0027FEF42B1417BF0030960B /* XCRemoteSwiftPackageReference "amplify-ui-swift-authenticator" */;
			productName = Authenticator;
		};
		00BB8D90291D359E00756622 /* AWSAPIPlugin */ = {
			isa = XCSwiftPackageProductDependency;
			package = 00BB8D8F291D359E00756622 /* XCRemoteSwiftPackageReference "amplify-swift" */;
			productName = AWSAPIPlugin;
		};
		00BB8D92291D359E00756622 /* AWSCognitoAuthPlugin */ = {
			isa = XCSwiftPackageProductDependency;
			package = 00BB8D8F291D359E00756622 /* XCRemoteSwiftPackageReference "amplify-swift" */;
			productName = AWSCognitoAuthPlugin;
		};
		00BB8D94291D359E00756622 /* AWSS3StoragePlugin */ = {
			isa = XCSwiftPackageProductDependency;
			package = 00BB8D8F291D359E00756622 /* XCRemoteSwiftPackageReference "amplify-swift" */;
			productName = AWSS3StoragePlugin;
		};
		00BB8D96291D359E00756622 /* Amplify */ = {
			isa = XCSwiftPackageProductDependency;
			package = 00BB8D8F291D359E00756622 /* XCRemoteSwiftPackageReference "amplify-swift" */;
			productName = Amplify;
		};
/* End XCSwiftPackageProductDependency section */
	};
	rootObject = 0084716524A60D82002CD90D /* Project object */;
}
